// !$*UTF8*$!
{
	archiveVersion = 1;
	classes = {
	};
	objectVersion = 77;
	objects = {

/* Begin PBXContainerItemProxy section */
		BABAAA882F8CBDB0006E359E /* PBXContainerItemProxy */ = {
			isa = PBXContainerItemProxy;
			containerPortal = BABAAA722F8CBDAF006E359E /* Project object */;
			proxyType = 1;
			remoteGlobalIDString = BABAAA792F8CBDAF006E359E;
			remoteInfo = "Prototype 1";
		};
		BABAAA922F8CBDB0006E359E /* PBXContainerItemProxy */ = {
			isa = PBXContainerItemProxy;
			containerPortal = BABAAA722F8CBDAF006E359E /* Project object */;
			proxyType = 1;
			remoteGlobalIDString = BABAAA792F8CBDAF006E359E;
			remoteInfo = "Prototype 1";
		};
/* End PBXContainerItemProxy section */

/* Begin PBXFileReference section */
		BABAAA7A2F8CBDAF006E359E /* Prototype 1.app */ = {isa = PBXFileReference; explicitFileType = wrapper.application; includeInIndex = 0; path = "Prototype 1.app"; sourceTree = BUILT_PRODUCTS_DIR; };
		BABAAA872F8CBDB0006E359E /* Prototype 1Tests.xctest */ = {isa = PBXFileReference; explicitFileType = wrapper.cfbundle; includeInIndex = 0; path = "Prototype 1Tests.xctest"; sourceTree = BUILT_PRODUCTS_DIR; };
		BABAAA912F8CBDB0006E359E /* Prototype 1UITests.xctest */ = {isa = PBXFileReference; explicitFileType = wrapper.cfbundle; includeInIndex = 0; path = "Prototype 1UITests.xctest"; sourceTree = BUILT_PRODUCTS_DIR; };
/* End PBXFileReference section */

/* Begin PBXFileSystemSynchronizedRootGroup section */
		BABAAA7C2F8CBDAF006E359E /* Prototype 1 */ = {
			isa = PBXFileSystemSynchronizedRootGroup;
			path = "Prototype 1";
			sourceTree = "<group>";
		};
		BABAAA8A2F8CBDB0006E359E /* Prototype 1Tests */ = {
			isa = PBXFileSystemSynchronizedRootGroup;
			path = "Prototype 1Tests";
			sourceTree = "<group>";
		};
		BABAAA942F8CBDB0006E359E /* Prototype 1UITests */ = {
			isa = PBXFileSystemSynchronizedRootGroup;
			path = "Prototype 1UITests";
			sourceTree = "<group>";
		};
/* End PBXFileSystemSynchronizedRootGroup section */

/* Begin PBXFrameworksBuildPhase section */
		BABAAA772F8CBDAF006E359E /* Frameworks */ = {
			isa = PBXFrameworksBuildPhase;
			buildActionMask = 2147483647;
			files = (
			);
			runOnlyForDeploymentPostprocessing = 0;
		};
		BABAAA842F8CBDB0006E359E /* Frameworks */ = {
			isa = PBXFrameworksBuildPhase;
			buildActionMask = 2147483647;
			files = (
			);
			runOnlyForDeploymentPostprocessing = 0;
		};
		BABAAA8E2F8CBDB0006E359E /* Frameworks */ = {
			isa = PBXFrameworksBuildPhase;
			buildActionMask = 2147483647;
			files = (
			);
			runOnlyForDeploymentPostprocessing = 0;
		};
/* End PBXFrameworksBuildPhase section */

/* Begin PBXGroup section */
		BABAAA712F8CBDAF006E359E = {
			isa = PBXGroup;
			children = (
				BABAAA7C2F8CBDAF006E359E /* Prototype 1 */,
				BABAAA8A2F8CBDB0006E359E /* Prototype 1Tests */,
				BABAAA942F8CBDB0006E359E /* Prototype 1UITests */,
				BABAAA7B2F8CBDAF006E359E /* Products */,
			);
			sourceTree = "<group>";
		};
		BABAAA7B2F8CBDAF006E359E /* Products */ = {
			isa = PBXGroup;
			children = (
				BABAAA7A2F8CBDAF006E359E /* Prototype 1.app */,
				BABAAA872F8CBDB0006E359E /* Prototype 1Tests.xctest */,
				BABAAA912F8CBDB0006E359E /* Prototype 1UITests.xctest */,
			);
			name = Products;
			sourceTree = "<group>";
		};
/* End PBXGroup section */

/* Begin PBXNativeTarget section */
		BABAAA792F8CBDAF006E359E /* Prototype 1 */ = {
			isa = PBXNativeTarget;
			buildConfigurationList = BABAAA9B2F8CBDB0006E359E /* Build configuration list for PBXNativeTarget "Prototype 1" */;
			buildPhases = (
				BABAAA762F8CBDAF006E359E /* Sources */,
				BABAAA772F8CBDAF006E359E /* Frameworks */,
				BABAAA782F8CBDAF006E359E /* Resources */,
			);
			buildRules = (
			);
			dependencies = (
			);
			fileSystemSynchronizedGroups = (
				BABAAA7C2F8CBDAF006E359E /* Prototype 1 */,
			);
			name = "Prototype 1";
			packageProductDependencies = (
			);
			productName = "Prototype 1";
			productReference = BABAAA7A2F8CBDAF006E359E /* Prototype 1.app */;
			productType = "com.apple.product-type.application";
		};
		BABAAA862F8CBDB0006E359E /* Prototype 1Tests */ = {
			isa = PBXNativeTarget;
			buildConfigurationList = BABAAA9E2F8CBDB0006E359E /* Build configuration list for PBXNativeTarget "Prototype 1Tests" */;
			buildPhases = (
				BABAAA832F8CBDB0006E359E /* Sources */,
				BABAAA842F8CBDB0006E359E /* Frameworks */,
				BABAAA852F8CBDB0006E359E /* Resources */,
			);
			buildRules = (
			);
			dependencies = (
				BABAAA892F8CBDB0006E359E /* PBXTargetDependency */,
			);
			fileSystemSynchronizedGroups = (
				BABAAA8A2F8CBDB0006E359E /* Prototype 1Tests */,
			);
			name = "Prototype 1Tests";
			packageProductDependencies = (
			);
			productName = "Prototype 1Tests";
			productReference = BABAAA872F8CBDB0006E359E /* Prototype 1Tests.xctest */;
			productType = "com.apple.product-type.bundle.unit-test";
		};
		BABAAA902F8CBDB0006E359E /* Prototype 1UITests */ = {
			isa = PBXNativeTarget;
			buildConfigurationList = BABAAAA12F8CBDB0006E359E /* Build configuration list for PBXNativeTarget "Prototype 1UITests" */;
			buildPhases = (
				BABAAA8D2F8CBDB0006E359E /* Sources */,
				BABAAA8E2F8CBDB0006E359E /* Frameworks */,
				BABAAA8F2F8CBDB0006E359E /* Resources */,
			);
			buildRules = (
			);
			dependencies = (
				BABAAA932F8CBDB0006E359E /* PBXTargetDependency */,
			);
			fileSystemSynchronizedGroups = (
				BABAAA942F8CBDB0006E359E /* Prototype 1UITests */,
			);
			name = "Prototype 1UITests";
			packageProductDependencies = (
			);
			productName = "Prototype 1UITests";
			productReference = BABAAA912F8CBDB0006E359E /* Prototype 1UITests.xctest */;
			productType = "com.apple.product-type.bundle.ui-testing";
		};
/* End PBXNativeTarget section */

/* Begin PBXProject section */
		BABAAA722F8CBDAF006E359E /* Project object */ = {
			isa = PBXProject;
			attributes = {
				BuildIndependentTargetsInParallel = 1;
				LastSwiftUpdateCheck = 2640;
				LastUpgradeCheck = 2640;
				TargetAttributes = {
					BABAAA792F8CBDAF006E359E = {
						CreatedOnToolsVersion = 26.4;
					};
					BABAAA862F8CBDB0006E359E = {
						CreatedOnToolsVersion = 26.4;
						TestTargetID = BABAAA792F8CBDAF006E359E;
					};
					BABAAA902F8CBDB0006E359E = {
						CreatedOnToolsVersion = 26.4;
						TestTargetID = BABAAA792F8CBDAF006E359E;
					};
				};
			};
			buildConfigurationList = BABAAA752F8CBDAF006E359E /* Build configuration list for PBXProject "Prototype 1" */;
			developmentRegion = en;
			hasScannedForEncodings = 0;
			knownRegions = (
				en,
				Base,
			);
			mainGroup = BABAAA712F8CBDAF006E359E;
			minimizedProjectReferenceProxies = 1;
			preferredProjectObjectVersion = 77;
			productRefGroup = BABAAA7B2F8CBDAF006E359E /* Products */;
			projectDirPath = "";
			projectRoot = "";
			targets = (
				BABAAA792F8CBDAF006E359E /* Prototype 1 */,
				BABAAA862F8CBDB0006E359E /* Prototype 1Tests */,
				BABAAA902F8CBDB0006E359E /* Prototype 1UITests */,
			);
		};
/* End PBXProject section */

/* Begin PBXResourcesBuildPhase section */
		BABAAA782F8CBDAF006E359E /* Resources */ = {
			isa = PBXResourcesBuildPhase;
			buildActionMask = 2147483647;
			files = (
			);
			runOnlyForDeploymentPostprocessing = 0;
		};
		BABAAA852F8CBDB0006E359E /* Resources */ = {
			isa = PBXResourcesBuildPhase;
			buildActionMask = 2147483647;
			files = (
			);
			runOnlyForDeploymentPostprocessing = 0;
		};
		BABAAA8F2F8CBDB0006E359E /* Resources */ = {
			isa = PBXResourcesBuildPhase;
			buildActionMask = 2147483647;
			files = (
			);
			runOnlyForDeploymentPostprocessing = 0;
		};
/* End PBXResourcesBuildPhase section */

/* Begin PBXSourcesBuildPhase section */
		BABAAA762F8CBDAF006E359E /* Sources */ = {
			isa = PBXSourcesBuildPhase;
			buildActionMask = 2147483647;
			files = (
			);
			runOnlyForDeploymentPostprocessing = 0;
		};
		BABAAA832F8CBDB0006E359E /* Sources */ = {
			isa = PBXSourcesBuildPhase;
			buildActionMask = 2147483647;
			files = (
			);
			runOnlyForDeploymentPostprocessing = 0;
		};
		BABAAA8D2F8CBDB0006E359E /* Sources */ = {
			isa = PBXSourcesBuildPhase;
			buildActionMask = 2147483647;
			files = (
			);
			runOnlyForDeploymentPostprocessing = 0;
		};
/* End PBXSourcesBuildPhase section */

/* Begin PBXTargetDependency section */
		BABAAA892F8CBDB0006E359E /* PBXTargetDependency */ = {
			isa = PBXTargetDependency;
			target = BABAAA792F8CBDAF006E359E /* Prototype 1 */;
			targetProxy = BABAAA882F8CBDB0006E359E /* PBXContainerItemProxy */;
		};
		BABAAA932F8CBDB0006E359E /* PBXTargetDependency */ = {
			isa = PBXTargetDependency;
			target = BABAAA792F8CBDAF006E359E /* Prototype 1 */;
			targetProxy = BABAAA922F8CBDB0006E359E /* PBXContainerItemProxy */;
		};
/* End PBXTargetDependency section */

/* Begin XCBuildConfiguration section */
		BABAAA992F8CBDB0006E359E /* Debug */ = {
			isa = XCBuildConfiguration;
			buildSettings = {
				ALWAYS_SEARCH_USER_PATHS = NO;
				ASSETCATALOG_COMPILER_GENERATE_SWIFT_ASSET_SYMBOL_EXTENSIONS = YES;
				CLANG_ANALYZER_NONNULL = YES;
				CLANG_ANALYZER_NUMBER_OBJECT_CONVERSION = YES_AGGRESSIVE;
				CLANG_CXX_LANGUAGE_STANDARD = "gnu++20";
				CLANG_ENABLE_MODULES = YES;
				CLANG_ENABLE_OBJC_ARC = YES;
				CLANG_ENABLE_OBJC_WEAK = YES;
				CLANG_WARN_BLOCK_CAPTURE_AUTORELEASING = YES;
				CLANG_WARN_BOOL_CONVERSION = YES;
				CLANG_WARN_COMMA = YES;
				CLANG_WARN_CONSTANT_CONVERSION = YES;
				CLANG_WARN_DEPRECATED_OBJC_IMPLEMENTATIONS = YES;
				CLANG_WARN_DIRECT_OBJC_ISA_USAGE = YES_ERROR;
				CLANG_WARN_DOCUMENTATION_COMMENTS = YES;
				CLANG_WARN_EMPTY_BODY = YES;
				CLANG_WARN_ENUM_CONVERSION = YES;
				CLANG_WARN_INFINITE_RECURSION = YES;
				CLANG_WARN_INT_CONVERSION = YES;
				CLANG_WARN_NON_LITERAL_NULL_CONVERSION = YES;
				CLANG_WARN_OBJC_IMPLICIT_RETAIN_SELF = YES;
				CLANG_WARN_OBJC_LITERAL_CONVERSION = YES;
				CLANG_WARN_OBJC_ROOT_CLASS = YES_ERROR;
				CLANG_WARN_QUOTED_INCLUDE_IN_FRAMEWORK_HEADER = YES;
				CLANG_WARN_RANGE_LOOP_ANALYSIS = YES;
				CLANG_WARN_STRICT_PROTOTYPES = YES;
				CLANG_WARN_SUSPICIOUS_MOVE = YES;
				CLANG_WARN_UNGUARDED_AVAILABILITY = YES_AGGRESSIVE;
				CLANG_WARN_UNREACHABLE_CODE = YES;
				CLANG_WARN__DUPLICATE_METHOD_MATCH = YES;
				COPY_PHASE_STRIP = NO;
				DEBUG_INFORMATION_FORMAT = dwarf;
				ENABLE_STRICT_OBJC_MSGSEND = YES;
				ENABLE_TESTABILITY = YES;
				ENABLE_USER_SCRIPT_SANDBOXING = YES;
				GCC_C_LANGUAGE_STANDARD = gnu17;
				GCC_DYNAMIC_NO_PIC = NO;
				GCC_NO_COMMON_BLOCKS = YES;
				GCC_OPTIMIZATION_LEVEL = 0;
				GCC_PREPROCESSOR_DEFINITIONS = (
					"DEBUG=1",
					"$(inherited)",
				);
				GCC_WARN_64_TO_32_BIT_CONVERSION = YES;
				GCC_WARN_ABOUT_RETURN_TYPE = YES_ERROR;
				GCC_WARN_UNDECLARED_SELECTOR = YES;
				GCC_WARN_UNINITIALIZED_AUTOS = YES_AGGRESSIVE;
				GCC_WARN_UNUSED_FUNCTION = YES;
				GCC_WARN_UNUSED_VARIABLE = YES;
				IPHONEOS_DEPLOYMENT_TARGET = 26.4;
				LOCALIZATION_PREFERS_STRING_CATALOGS = YES;
				MTL_ENABLE_DEBUG_INFO = INCLUDE_SOURCE;
				MTL_FAST_MATH = YES;
				ONLY_ACTIVE_ARCH = YES;
				SDKROOT = iphoneos;
				SWIFT_ACTIVE_COMPILATION_CONDITIONS = "DEBUG $(inherited)";
				SWIFT_OPTIMIZATION_LEVEL = "-Onone";
			};
			name = Debug;
		};
		BABAAA9A2F8CBDB0006E359E /* Release */ = {
			isa = XCBuildConfiguration;
			buildSettings = {
				ALWAYS_SEARCH_USER_PATHS = NO;
				ASSETCATALOG_COMPILER_GENERATE_SWIFT_ASSET_SYMBOL_EXTENSIONS = YES;
				CLANG_ANALYZER_NONNULL = YES;
				CLANG_ANALYZER_NUMBER_OBJECT_CONVERSION = YES_AGGRESSIVE;
				CLANG_CXX_LANGUAGE_STANDARD = "gnu++20";
				CLANG_ENABLE_MODULES = YES;
				CLANG_ENABLE_OBJC_ARC = YES;
				CLANG_ENABLE_OBJC_WEAK = YES;
				CLANG_WARN_BLOCK_CAPTURE_AUTORELEASING = YES;
				CLANG_WARN_BOOL_CONVERSION = YES;
				CLANG_WARN_COMMA = YES;
				CLANG_WARN_CONSTANT_CONVERSION = YES;
				CLANG_WARN_DEPRECATED_OBJC_IMPLEMENTATIONS = YES;
				CLANG_WARN_DIRECT_OBJC_ISA_USAGE = YES_ERROR;
				CLANG_WARN_DOCUMENTATION_COMMENTS = YES;
				CLANG_WARN_EMPTY_BODY = YES;
				CLANG_WARN_ENUM_CONVERSION = YES;
				CLANG_WARN_INFINITE_RECURSION = YES;
				CLANG_WARN_INT_CONVERSION = YES;
				CLANG_WARN_NON_LITERAL_NULL_CONVERSION = YES;
				CLANG_WARN_OBJC_IMPLICIT_RETAIN_SELF = YES;
				CLANG_WARN_OBJC_LITERAL_CONVERSION = YES;
				CLANG_WARN_OBJC_ROOT_CLASS = YES_ERROR;
				CLANG_WARN_QUOTED_INCLUDE_IN_FRAMEWORK_HEADER = YES;
				CLANG_WARN_RANGE_LOOP_ANALYSIS = YES;
				CLANG_WARN_STRICT_PROTOTYPES = YES;
				CLANG_WARN_SUSPICIOUS_MOVE = YES;
				CLANG_WARN_UNGUARDED_AVAILABILITY = YES_AGGRESSIVE;
				CLANG_WARN_UNREACHABLE_CODE = YES;
				CLANG_WARN__DUPLICATE_METHOD_MATCH = YES;
				COPY_PHASE_STRIP = NO;
				DEBUG_INFORMATION_FORMAT = "dwarf-with-dsym";
				ENABLE_NS_ASSERTIONS = NO;
				ENABLE_STRICT_OBJC_MSGSEND = YES;
				ENABLE_USER_SCRIPT_SANDBOXING = YES;
				GCC_C_LANGUAGE_STANDARD = gnu17;
				GCC_NO_COMMON_BLOCKS = YES;
				GCC_WARN_64_TO_32_BIT_CONVERSION = YES;
				GCC_WARN_ABOUT_RETURN_TYPE = YES_ERROR;
				GCC_WARN_UNDECLARED_SELECTOR = YES;
				GCC_WARN_UNINITIALIZED_AUTOS = YES_AGGRESSIVE;
				GCC_WARN_UNUSED_FUNCTION = YES;
				GCC_WARN_UNUSED_VARIABLE = YES;
				IPHONEOS_DEPLOYMENT_TARGET = 26.4;
				LOCALIZATION_PREFERS_STRING_CATALOGS = YES;
				MTL_ENABLE_DEBUG_INFO = NO;
				MTL_FAST_MATH = YES;
				SDKROOT = iphoneos;
				SWIFT_COMPILATION_MODE = wholemodule;
				VALIDATE_PRODUCT = YES;
			};
			name = Release;
		};
		BABAAA9C2F8CBDB0006E359E /* Debug */ = {
			isa = XCBuildConfiguration;
			buildSettings = {
				ASSETCATALOG_COMPILER_APPICON_NAME = AppIcon;
				ASSETCATALOG_COMPILER_GLOBAL_ACCENT_COLOR_NAME = AccentColor;
				CODE_SIGN_STYLE = Automatic;
				CURRENT_PROJECT_VERSION = 1;
				ENABLE_PREVIEWS = YES;
				GENERATE_INFOPLIST_FILE = YES;
				INFOPLIST_KEY_UIApplicationSceneManifest_Generation = YES;
				INFOPLIST_KEY_UIApplicationSupportsIndirectInputEvents = YES;
				INFOPLIST_KEY_UILaunchScreen_Generation = YES;
				INFOPLIST_KEY_UISupportedInterfaceOrientations_iPad = "UIInterfaceOrientationPortrait UIInterfaceOrientationPortraitUpsideDown UIInterfaceOrientationLandscapeLeft UIInterfaceOrientationLandscapeRight";
				INFOPLIST_KEY_UISupportedInterfaceOrientations_iPhone = "UIInterfaceOrientationPortrait UIInterfaceOrientationLandscapeLeft UIInterfaceOrientationLandscapeRight";
				LD_RUNPATH_SEARCH_PATHS = (
					"$(inherited)",
					"@executable_path/Frameworks",
				);
				MARKETING_VERSION = 1.0;
				PRODUCT_BUNDLE_IDENTIFIER = "au.uts.edu.Prototype-1";
				PRODUCT_NAME = "$(TARGET_NAME)";
				STRING_CATALOG_GENERATE_SYMBOLS = YES;
				SWIFT_APPROACHABLE_CONCURRENCY = YES;
				SWIFT_DEFAULT_ACTOR_ISOLATION = MainActor;
				SWIFT_EMIT_LOC_STRINGS = YES;
				SWIFT_UPCOMING_FEATURE_MEMBER_IMPORT_VISIBILITY = YES;
				SWIFT_VERSION = 5.0;
				TARGETED_DEVICE_FAMILY = "1,2";
			};
			name = Debug;
		};
		BABAAA9D2F8CBDB0006E359E /* Release */ = {
			isa = XCBuildConfiguration;
			buildSettings = {
				ASSETCATALOG_COMPILER_APPICON_NAME = AppIcon;
				ASSETCATALOG_COMPILER_GLOBAL_ACCENT_COLOR_NAME = AccentColor;
				CODE_SIGN_STYLE = Automatic;
				CURRENT_PROJECT_VERSION = 1;
				ENABLE_PREVIEWS = YES;
				GENERATE_INFOPLIST_FILE = YES;
				INFOPLIST_KEY_UIApplicationSceneManifest_Generation = YES;
				INFOPLIST_KEY_UIApplicationSupportsIndirectInputEvents = YES;
				INFOPLIST_KEY_UILaunchScreen_Generation = YES;
				INFOPLIST_KEY_UISupportedInterfaceOrientations_iPad = "UIInterfaceOrientationPortrait UIInterfaceOrientationPortraitUpsideDown UIInterfaceOrientationLandscapeLeft UIInterfaceOrientationLandscapeRight";
				INFOPLIST_KEY_UISupportedInterfaceOrientations_iPhone = "UIInterfaceOrientationPortrait UIInterfaceOrientationLandscapeLeft UIInterfaceOrientationLandscapeRight";
				LD_RUNPATH_SEARCH_PATHS = (
					"$(inherited)",
					"@executable_path/Frameworks",
				);
				MARKETING_VERSION = 1.0;
				PRODUCT_BUNDLE_IDENTIFIER = "au.uts.edu.Prototype-1";
				PRODUCT_NAME = "$(TARGET_NAME)";
				STRING_CATALOG_GENERATE_SYMBOLS = YES;
				SWIFT_APPROACHABLE_CONCURRENCY = YES;
				SWIFT_DEFAULT_ACTOR_ISOLATION = MainActor;
				SWIFT_EMIT_LOC_STRINGS = YES;
				SWIFT_UPCOMING_FEATURE_MEMBER_IMPORT_VISIBILITY = YES;
				SWIFT_VERSION = 5.0;
				TARGETED_DEVICE_FAMILY = "1,2";
			};
			name = Release;
		};
		BABAAA9F2F8CBDB0006E359E /* Debug */ = {
			isa = XCBuildConfiguration;
			buildSettings = {
				BUNDLE_LOADER = "$(TEST_HOST)";
				CODE_SIGN_STYLE = Automatic;
				CURRENT_PROJECT_VERSION = 1;
				GENERATE_INFOPLIST_FILE = YES;
				IPHONEOS_DEPLOYMENT_TARGET = 26.4;
				MARKETING_VERSION = 1.0;
				PRODUCT_BUNDLE_IDENTIFIER = "au.uts.edu.Prototype-1Tests";
				PRODUCT_NAME = "$(TARGET_NAME)";
				STRING_CATALOG_GENERATE_SYMBOLS = NO;
				SWIFT_APPROACHABLE_CONCURRENCY = YES;
				SWIFT_EMIT_LOC_STRINGS = NO;
				SWIFT_UPCOMING_FEATURE_MEMBER_IMPORT_VISIBILITY = YES;
				SWIFT_VERSION = 5.0;
				TARGETED_DEVICE_FAMILY = "1,2";
				TEST_HOST = "$(BUILT_PRODUCTS_DIR)/Prototype 1.app/$(BUNDLE_EXECUTABLE_FOLDER_PATH)/Prototype 1";
			};
			name = Debug;
		};
		BABAAAA02F8CBDB0006E359E /* Release */ = {
			isa = XCBuildConfiguration;
			buildSettings = {
				BUNDLE_LOADER = "$(TEST_HOST)";
				CODE_SIGN_STYLE = Automatic;
				CURRENT_PROJECT_VERSION = 1;
				GENERATE_INFOPLIST_FILE = YES;
				IPHONEOS_DEPLOYMENT_TARGET = 26.4;
				MARKETING_VERSION = 1.0;
				PRODUCT_BUNDLE_IDENTIFIER = "au.uts.edu.Prototype-1Tests";
				PRODUCT_NAME = "$(TARGET_NAME)";
				STRING_CATALOG_GENERATE_SYMBOLS = NO;
				SWIFT_APPROACHABLE_CONCURRENCY = YES;
				SWIFT_EMIT_LOC_STRINGS = NO;
				SWIFT_UPCOMING_FEATURE_MEMBER_IMPORT_VISIBILITY = YES;
				SWIFT_VERSION = 5.0;
				TARGETED_DEVICE_FAMILY = "1,2";
				TEST_HOST = "$(BUILT_PRODUCTS_DIR)/Prototype 1.app/$(BUNDLE_EXECUTABLE_FOLDER_PATH)/Prototype 1";
			};
			name = Release;
		};
		BABAAAA22F8CBDB0006E359E /* Debug */ = {
			isa = XCBuildConfiguration;
			buildSettings = {
				CODE_SIGN_STYLE = Automatic;
				CURRENT_PROJECT_VERSION = 1;
				GENERATE_INFOPLIST_FILE = YES;
				MARKETING_VERSION = 1.0;
				PRODUCT_BUNDLE_IDENTIFIER = "au.uts.edu.Prototype-1UITests";
				PRODUCT_NAME = "$(TARGET_NAME)";
				STRING_CATALOG_GENERATE_SYMBOLS = NO;
				SWIFT_APPROACHABLE_CONCURRENCY = YES;
				SWIFT_EMIT_LOC_STRINGS = NO;
				SWIFT_UPCOMING_FEATURE_MEMBER_IMPORT_VISIBILITY = YES;
				SWIFT_VERSION = 5.0;
				TARGETED_DEVICE_FAMILY = "1,2";
				TEST_TARGET_NAME = "Prototype 1";
			};
			name = Debug;
		};
		BABAAAA32F8CBDB0006E359E /* Release */ = {
			isa = XCBuildConfiguration;
			buildSettings = {
				CODE_SIGN_STYLE = Automatic;
				CURRENT_PROJECT_VERSION = 1;
				GENERATE_INFOPLIST_FILE = YES;
				MARKETING_VERSION = 1.0;
				PRODUCT_BUNDLE_IDENTIFIER = "au.uts.edu.Prototype-1UITests";
				PRODUCT_NAME = "$(TARGET_NAME)";
				STRING_CATALOG_GENERATE_SYMBOLS = NO;
				SWIFT_APPROACHABLE_CONCURRENCY = YES;
				SWIFT_EMIT_LOC_STRINGS = NO;
				SWIFT_UPCOMING_FEATURE_MEMBER_IMPORT_VISIBILITY = YES;
				SWIFT_VERSION = 5.0;
				TARGETED_DEVICE_FAMILY = "1,2";
				TEST_TARGET_NAME = "Prototype 1";
			};
			name = Release;
		};
/* End XCBuildConfiguration section */

/* Begin XCConfigurationList section */
		BABAAA752F8CBDAF006E359E /* Build configuration list for PBXProject "Prototype 1" */ = {
			isa = XCConfigurationList;
			buildConfigurations = (
				BABAAA992F8CBDB0006E359E /* Debug */,
				BABAAA9A2F8CBDB0006E359E /* Release */,
			);
			defaultConfigurationIsVisible = 0;
			defaultConfigurationName = Release;
		};
		BABAAA9B2F8CBDB0006E359E /* Build configuration list for PBXNativeTarget "Prototype 1" */ = {
			isa = XCConfigurationList;
			buildConfigurations = (
				BABAAA9C2F8CBDB0006E359E /* Debug */,
				BABAAA9D2F8CBDB0006E359E /* Release */,
			);
			defaultConfigurationIsVisible = 0;
			defaultConfigurationName = Release;
		};
		BABAAA9E2F8CBDB0006E359E /* Build configuration list for PBXNativeTarget "Prototype 1Tests" */ = {
			isa = XCConfigurationList;
			buildConfigurations = (
				BABAAA9F2F8CBDB0006E359E /* Debug */,
				BABAAAA02F8CBDB0006E359E /* Release */,
			);
			defaultConfigurationIsVisible = 0;
			defaultConfigurationName = Release;
		};
		BABAAAA12F8CBDB0006E359E /* Build configuration list for PBXNativeTarget "Prototype 1UITests" */ = {
			isa = XCConfigurationList;
			buildConfigurations = (
				BABAAAA22F8CBDB0006E359E /* Debug */,
				BABAAAA32F8CBDB0006E359E /* Release */,
			);
			defaultConfigurationIsVisible = 0;
			defaultConfigurationName = Release;
		};
/* End XCConfigurationList section */
	};
	rootObject = BABAAA722F8CBDAF006E359E /* Project object */;
}
